
Microsoft Visual Studio Solution File, Format Version 12.00
# Visual Studio 15
VisualStudioVersion = 15.0.26124.0
MinimumVisualStudioVersion = 15.0.26124.0
Project("{2150E333-8FDC-42A3-9474-1A3956D46DE8}") = "src", "src", "{BB7FECDB-0634-4D71-92CB-11AC1120B6F6}"
EndProject
Project("{2150E333-8FDC-42A3-9474-1A3956D46DE8}") = "Services", "Services", "{6AA7323E-2B9B-4876-A045-BFB4CAC994B1}"
EndProject
Project("{2150E333-8FDC-42A3-9474-1A3956D46DE8}") = "Identity.API", "Identity.API", "{BBEF216B-173B-4F23-B81C-337C2C7D9D3E}"
EndProject
Project("{FAE04EC0-301F-11D3-BF4B-00C04F79EFBC}") = "Identity", "Services\Identity\Identity.API\Identity.API.csproj", "{D4A7B135-2504-4E97-A698-3827B2AAB29D}"
EndProject
Project("{2150E333-8FDC-42A3-9474-1A3956D46DE8}") = "deploy", "deploy", "{FE5BE446-0C9D-4C08-88E1-8ED7B6CEAC9C}"
ProjectSection(SolutionItems) = preProject
	deploy\DockerfileIdentity = deploy\Identity.Dockerfile
	deploy\Profile.Dockerfile = deploy\Profile.Dockerfile
EndProjectSection
EndProject
Project("{2150E333-8FDC-42A3-9474-1A3956D46DE8}") = "tests", "tests", "{8ABAEA1F-6B99-42B9-9107-A8D7C73FD177}"
EndProject
Project("{FAE04EC0-301F-11D3-BF4B-00C04F79EFBC}") = "Identity.Test", "Services\Identity\Identity.Test\Identity.Test.csproj", "{5ABEB1D2-A20C-4D10-B8CA-8ACD918D7992}"
EndProject
Project("{2150E333-8FDC-42A3-9474-1A3956D46DE8}") = "Profile.API", "Profile.API", "{AA2FFB71-5057-48D1-9008-D3FA9378BB96}"
EndProject
Project("{FAE04EC0-301F-11D3-BF4B-00C04F79EFBC}") = "Profile.API", "Services\Profile\Profile.API\Profile.API.csproj", "{60F760B8-CC7E-4EC2-8C58-BC060943F580}"
EndProject
Project("{FAE04EC0-301F-11D3-BF4B-00C04F79EFBC}") = "Profile.Tests", "Services\Profile\Profile.Tests\Profile.Tests.csproj", "{35C6A798-0DF3-44D9-8362-19176B622EF3}"
EndProject
Project("{2150E333-8FDC-42A3-9474-1A3956D46DE8}") = "Catalog.API", "Catalog.API", "{46E379C5-5B2A-4D9F-82F0-268018F44537}"
EndProject
Project("{FAE04EC0-301F-11D3-BF4B-00C04F79EFBC}") = "Catalog.API", "Services\Catalog\Catalog.API\Catalog.API.csproj", "{7121F16C-C977-4B48-8F7E-AECBF86A9759}"
EndProject
Project("{FAE04EC0-301F-11D3-BF4B-00C04F79EFBC}") = "Catalog.Test", "Services\Catalog\Catalog.Test\Catalog.Test.csproj", "{527B3566-F2C0-4FAD-A3AA-1D7E35F72CBB}"
EndProject
Global
	GlobalSection(SolutionConfigurationPlatforms) = preSolution
		Debug|Any CPU = Debug|Any CPU
		Debug|x64 = Debug|x64
		Debug|x86 = Debug|x86
		Release|Any CPU = Release|Any CPU
		Release|x64 = Release|x64
		Release|x86 = Release|x86
	EndGlobalSection
	GlobalSection(SolutionProperties) = preSolution
		HideSolutionNode = FALSE
	EndGlobalSection
	GlobalSection(NestedProjects) = preSolution
		{6AA7323E-2B9B-4876-A045-BFB4CAC994B1} = {BB7FECDB-0634-4D71-92CB-11AC1120B6F6}
		{BBEF216B-173B-4F23-B81C-337C2C7D9D3E} = {6AA7323E-2B9B-4876-A045-BFB4CAC994B1}
		{D4A7B135-2504-4E97-A698-3827B2AAB29D} = {BBEF216B-173B-4F23-B81C-337C2C7D9D3E}
		{5ABEB1D2-A20C-4D10-B8CA-8ACD918D7992} = {8ABAEA1F-6B99-42B9-9107-A8D7C73FD177}
		{AA2FFB71-5057-48D1-9008-D3FA9378BB96} = {6AA7323E-2B9B-4876-A045-BFB4CAC994B1}
		{60F760B8-CC7E-4EC2-8C58-BC060943F580} = {AA2FFB71-5057-48D1-9008-D3FA9378BB96}
		{35C6A798-0DF3-44D9-8362-19176B622EF3} = {8ABAEA1F-6B99-42B9-9107-A8D7C73FD177}
		{46E379C5-5B2A-4D9F-82F0-268018F44537} = {6AA7323E-2B9B-4876-A045-BFB4CAC994B1}
		{7121F16C-C977-4B48-8F7E-AECBF86A9759} = {46E379C5-5B2A-4D9F-82F0-268018F44537}
		{527B3566-F2C0-4FAD-A3AA-1D7E35F72CBB} = {8ABAEA1F-6B99-42B9-9107-A8D7C73FD177}
	EndGlobalSection
	GlobalSection(ProjectConfigurationPlatforms) = postSolution
		{D4A7B135-2504-4E97-A698-3827B2AAB29D}.Debug|Any CPU.ActiveCfg = Debug|Any CPU
		{D4A7B135-2504-4E97-A698-3827B2AAB29D}.Debug|Any CPU.Build.0 = Debug|Any CPU
		{D4A7B135-2504-4E97-A698-3827B2AAB29D}.Debug|x64.ActiveCfg = Debug|Any CPU
		{D4A7B135-2504-4E97-A698-3827B2AAB29D}.Debug|x64.Build.0 = Debug|Any CPU
		{D4A7B135-2504-4E97-A698-3827B2AAB29D}.Debug|x86.ActiveCfg = Debug|Any CPU
		{D4A7B135-2504-4E97-A698-3827B2AAB29D}.Debug|x86.Build.0 = Debug|Any CPU
		{D4A7B135-2504-4E97-A698-3827B2AAB29D}.Release|Any CPU.ActiveCfg = Release|Any CPU
		{D4A7B135-2504-4E97-A698-3827B2AAB29D}.Release|Any CPU.Build.0 = Release|Any CPU
		{D4A7B135-2504-4E97-A698-3827B2AAB29D}.Release|x64.ActiveCfg = Release|Any CPU
		{D4A7B135-2504-4E97-A698-3827B2AAB29D}.Release|x64.Build.0 = Release|Any CPU
		{D4A7B135-2504-4E97-A698-3827B2AAB29D}.Release|x86.ActiveCfg = Release|Any CPU
		{D4A7B135-2504-4E97-A698-3827B2AAB29D}.Release|x86.Build.0 = Release|Any CPU
		{5ABEB1D2-A20C-4D10-B8CA-8ACD918D7992}.Debug|Any CPU.ActiveCfg = Debug|Any CPU
		{5ABEB1D2-A20C-4D10-B8CA-8ACD918D7992}.Debug|Any CPU.Build.0 = Debug|Any CPU
		{5ABEB1D2-A20C-4D10-B8CA-8ACD918D7992}.Debug|x64.ActiveCfg = Debug|Any CPU
		{5ABEB1D2-A20C-4D10-B8CA-8ACD918D7992}.Debug|x64.Build.0 = Debug|Any CPU
		{5ABEB1D2-A20C-4D10-B8CA-8ACD918D7992}.Debug|x86.ActiveCfg = Debug|Any CPU
		{5ABEB1D2-A20C-4D10-B8CA-8ACD918D7992}.Debug|x86.Build.0 = Debug|Any CPU
		{5ABEB1D2-A20C-4D10-B8CA-8ACD918D7992}.Release|Any CPU.ActiveCfg = Release|Any CPU
		{5ABEB1D2-A20C-4D10-B8CA-8ACD918D7992}.Release|Any CPU.Build.0 = Release|Any CPU
		{5ABEB1D2-A20C-4D10-B8CA-8ACD918D7992}.Release|x64.ActiveCfg = Release|Any CPU
		{5ABEB1D2-A20C-4D10-B8CA-8ACD918D7992}.Release|x64.Build.0 = Release|Any CPU
		{5ABEB1D2-A20C-4D10-B8CA-8ACD918D7992}.Release|x86.ActiveCfg = Release|Any CPU
		{5ABEB1D2-A20C-4D10-B8CA-8ACD918D7992}.Release|x86.Build.0 = Release|Any CPU
		{60F760B8-CC7E-4EC2-8C58-BC060943F580}.Debug|Any CPU.ActiveCfg = Debug|Any CPU
		{60F760B8-CC7E-4EC2-8C58-BC060943F580}.Debug|Any CPU.Build.0 = Debug|Any CPU
		{60F760B8-CC7E-4EC2-8C58-BC060943F580}.Debug|x64.ActiveCfg = Debug|Any CPU
		{60F760B8-CC7E-4EC2-8C58-BC060943F580}.Debug|x64.Build.0 = Debug|Any CPU
		{60F760B8-CC7E-4EC2-8C58-BC060943F580}.Debug|x86.ActiveCfg = Debug|Any CPU
		{60F760B8-CC7E-4EC2-8C58-BC060943F580}.Debug|x86.Build.0 = Debug|Any CPU
		{60F760B8-CC7E-4EC2-8C58-BC060943F580}.Release|Any CPU.ActiveCfg = Release|Any CPU
		{60F760B8-CC7E-4EC2-8C58-BC060943F580}.Release|Any CPU.Build.0 = Release|Any CPU
		{60F760B8-CC7E-4EC2-8C58-BC060943F580}.Release|x64.ActiveCfg = Release|Any CPU
		{60F760B8-CC7E-4EC2-8C58-BC060943F580}.Release|x64.Build.0 = Release|Any CPU
		{60F760B8-CC7E-4EC2-8C58-BC060943F580}.Release|x86.ActiveCfg = Release|Any CPU
		{60F760B8-CC7E-4EC2-8C58-BC060943F580}.Release|x86.Build.0 = Release|Any CPU
		{35C6A798-0DF3-44D9-8362-19176B622EF3}.Debug|Any CPU.ActiveCfg = Debug|Any CPU
		{35C6A798-0DF3-44D9-8362-19176B622EF3}.Debug|Any CPU.Build.0 = Debug|Any CPU
		{35C6A798-0DF3-44D9-8362-19176B622EF3}.Debug|x64.ActiveCfg = Debug|Any CPU
		{35C6A798-0DF3-44D9-8362-19176B622EF3}.Debug|x64.Build.0 = Debug|Any CPU
		{35C6A798-0DF3-44D9-8362-19176B622EF3}.Debug|x86.ActiveCfg = Debug|Any CPU
		{35C6A798-0DF3-44D9-8362-19176B622EF3}.Debug|x86.Build.0 = Debug|Any CPU
		{35C6A798-0DF3-44D9-8362-19176B622EF3}.Release|Any CPU.ActiveCfg = Release|Any CPU
		{35C6A798-0DF3-44D9-8362-19176B622EF3}.Release|Any CPU.Build.0 = Release|Any CPU
		{35C6A798-0DF3-44D9-8362-19176B622EF3}.Release|x64.ActiveCfg = Release|Any CPU
		{35C6A798-0DF3-44D9-8362-19176B622EF3}.Release|x64.Build.0 = Release|Any CPU
		{35C6A798-0DF3-44D9-8362-19176B622EF3}.Release|x86.ActiveCfg = Release|Any CPU
		{35C6A798-0DF3-44D9-8362-19176B622EF3}.Release|x86.Build.0 = Release|Any CPU
		{7121F16C-C977-4B48-8F7E-AECBF86A9759}.Debug|Any CPU.ActiveCfg = Debug|Any CPU
		{7121F16C-C977-4B48-8F7E-AECBF86A9759}.Debug|Any CPU.Build.0 = Debug|Any CPU
		{7121F16C-C977-4B48-8F7E-AECBF86A9759}.Debug|x64.ActiveCfg = Debug|Any CPU
		{7121F16C-C977-4B48-8F7E-AECBF86A9759}.Debug|x64.Build.0 = Debug|Any CPU
		{7121F16C-C977-4B48-8F7E-AECBF86A9759}.Debug|x86.ActiveCfg = Debug|Any CPU
		{7121F16C-C977-4B48-8F7E-AECBF86A9759}.Debug|x86.Build.0 = Debug|Any CPU
		{7121F16C-C977-4B48-8F7E-AECBF86A9759}.Release|Any CPU.ActiveCfg = Release|Any CPU
		{7121F16C-C977-4B48-8F7E-AECBF86A9759}.Release|Any CPU.Build.0 = Release|Any CPU
		{7121F16C-C977-4B48-8F7E-AECBF86A9759}.Release|x64.ActiveCfg = Release|Any CPU
		{7121F16C-C977-4B48-8F7E-AECBF86A9759}.Release|x64.Build.0 = Release|Any CPU
		{7121F16C-C977-4B48-8F7E-AECBF86A9759}.Release|x86.ActiveCfg = Release|Any CPU
		{7121F16C-C977-4B48-8F7E-AECBF86A9759}.Release|x86.Build.0 = Release|Any CPU
		{527B3566-F2C0-4FAD-A3AA-1D7E35F72CBB}.Debug|Any CPU.ActiveCfg = Debug|Any CPU
		{527B3566-F2C0-4FAD-A3AA-1D7E35F72CBB}.Debug|Any CPU.Build.0 = Debug|Any CPU
		{527B3566-F2C0-4FAD-A3AA-1D7E35F72CBB}.Debug|x64.ActiveCfg = Debug|Any CPU
		{527B3566-F2C0-4FAD-A3AA-1D7E35F72CBB}.Debug|x64.Build.0 = Debug|Any CPU
		{527B3566-F2C0-4FAD-A3AA-1D7E35F72CBB}.Debug|x86.ActiveCfg = Debug|Any CPU
		{527B3566-F2C0-4FAD-A3AA-1D7E35F72CBB}.Debug|x86.Build.0 = Debug|Any CPU
		{527B3566-F2C0-4FAD-A3AA-1D7E35F72CBB}.Release|Any CPU.ActiveCfg = Release|Any CPU
		{527B3566-F2C0-4FAD-A3AA-1D7E35F72CBB}.Release|Any CPU.Build.0 = Release|Any CPU
		{527B3566-F2C0-4FAD-A3AA-1D7E35F72CBB}.Release|x64.ActiveCfg = Release|Any CPU
		{527B3566-F2C0-4FAD-A3AA-1D7E35F72CBB}.Release|x64.Build.0 = Release|Any CPU
		{527B3566-F2C0-4FAD-A3AA-1D7E35F72CBB}.Release|x86.ActiveCfg = Release|Any CPU
		{527B3566-F2C0-4FAD-A3AA-1D7E35F72CBB}.Release|x86.Build.0 = Release|Any CPU
	EndGlobalSection
EndGlobal
